
Microsoft Visual Studio Solution File, Format Version 12.00
# Visual Studio Version 17
VisualStudioVersion = 17.12.35707.178
MinimumVisualStudioVersion = 10.0.40219.1
Project("{FAE04EC0-301F-11D3-BF4B-00C04F79EFBC}") = "PC Scan App", "PC Scan App\PC Scan App.csproj", "{F110B2B2-F444-42AC-BB5B-0D6CD21092C0}"
EndProject
Global
	GlobalSection(SolutionConfigurationPlatforms) = preSolution
		Debug|Any CPU = Debug|Any CPU
		Release|Any CPU = Release|Any CPU
	EndGlobalSection
	GlobalSection(ProjectConfigurationPlatforms) = postSolution
		{F110B2B2-F444-42AC-BB5B-0D6CD21092C0}.Debug|Any CPU.ActiveCfg = Debug|Any CPU
		{F110B2B2-F444-42AC-BB5B-0D6CD21092C0}.Debug|Any CPU.Build.0 = Debug|Any CPU
		{F110B2B2-F444-42AC-BB5B-0D6CD21092C0}.Release|Any CPU.ActiveCfg = Release|Any CPU
		{F110B2B2-F444-42AC-BB5B-0D6CD21092C0}.Release|Any CPU.Build.0 = Release|Any CPU
	EndGlobalSection
	GlobalSection(SolutionProperties) = preSolution
		HideSolutionNode = FALSE
	EndGlobalSection
	GlobalSection(ExtensibilityGlobals) = postSolution
		SolutionGuid = {520FC144-24DF-4B49-93A3-48517D91B533}
	EndGlobalSection
EndGlobal
